
Microsoft Visual Studio Solution File, Format Version 12.00
# Visual Studio Version 17
VisualStudioVersion = 17.10.35004.147
MinimumVisualStudioVersion = 10.0.40219.1
Project("{9A19103F-16F7-4668-BE54-9A1E7A4F7556}") = "OMS.DA", "OMS.DA\OMS.DA.csproj", "{255C3B84-AE61-46C6-AA08-9E6082E98C05}"
EndProject
Project("{FAE04EC0-301F-11D3-BF4B-00C04F79EFBC}") = "OMS.BL", "OMS.BL\OMS.BL.csproj", "{85CDEDAE-5408-4B13-AB35-E1DEAFA68D70}"
EndProject
Project("{FAE04EC0-301F-11D3-BF4B-00C04F79EFBC}") = "OMS.UI", "OMS.UI\OMS.UI.csproj", "{ABF847D4-CF06-456C-BCF7-2A1019DFEB42}"
EndProject
Project("{FAE04EC0-301F-11D3-BF4B-00C04F79EFBC}") = "OMS.Common", "OMS.Common\OMS.Common.csproj", "{F63883A8-1D50-475B-8572-F1DD4086FE3D}"
EndProject
Global
	GlobalSection(SolutionConfigurationPlatforms) = preSolution
		Debug|Any CPU = Debug|Any CPU
		Release|Any CPU = Release|Any CPU
	EndGlobalSection
	GlobalSection(ProjectConfigurationPlatforms) = postSolution
		{255C3B84-AE61-46C6-AA08-9E6082E98C05}.Debug|Any CPU.ActiveCfg = Debug|Any CPU
		{255C3B84-AE61-46C6-AA08-9E6082E98C05}.Debug|Any CPU.Build.0 = Debug|Any CPU
		{255C3B84-AE61-46C6-AA08-9E6082E98C05}.Release|Any CPU.ActiveCfg = Release|Any CPU
		{255C3B84-AE61-46C6-AA08-9E6082E98C05}.Release|Any CPU.Build.0 = Release|Any CPU
		{85CDEDAE-5408-4B13-AB35-E1DEAFA68D70}.Debug|Any CPU.ActiveCfg = Debug|Any CPU
		{85CDEDAE-5408-4B13-AB35-E1DEAFA68D70}.Debug|Any CPU.Build.0 = Debug|Any CPU
		{85CDEDAE-5408-4B13-AB35-E1DEAFA68D70}.Release|Any CPU.ActiveCfg = Release|Any CPU
		{85CDEDAE-5408-4B13-AB35-E1DEAFA68D70}.Release|Any CPU.Build.0 = Release|Any CPU
		{ABF847D4-CF06-456C-BCF7-2A1019DFEB42}.Debug|Any CPU.ActiveCfg = Debug|Any CPU
		{ABF847D4-CF06-456C-BCF7-2A1019DFEB42}.Debug|Any CPU.Build.0 = Debug|Any CPU
		{ABF847D4-CF06-456C-BCF7-2A1019DFEB42}.Release|Any CPU.ActiveCfg = Release|Any CPU
		{ABF847D4-CF06-456C-BCF7-2A1019DFEB42}.Release|Any CPU.Build.0 = Release|Any CPU
		{F63883A8-1D50-475B-8572-F1DD4086FE3D}.Debug|Any CPU.ActiveCfg = Debug|Any CPU
		{F63883A8-1D50-475B-8572-F1DD4086FE3D}.Debug|Any CPU.Build.0 = Debug|Any CPU
		{F63883A8-1D50-475B-8572-F1DD4086FE3D}.Release|Any CPU.ActiveCfg = Release|Any CPU
		{F63883A8-1D50-475B-8572-F1DD4086FE3D}.Release|Any CPU.Build.0 = Release|Any CPU
	EndGlobalSection
	GlobalSection(SolutionProperties) = preSolution
		HideSolutionNode = FALSE
	EndGlobalSection
	GlobalSection(ExtensibilityGlobals) = postSolution
		SolutionGuid = {8A34367E-E192-4E28-9BED-DD448BA1F8CE}
	EndGlobalSection
EndGlobal
